
Microsoft Visual Studio Solution File, Format Version 12.00
# Visual Studio Version 17
VisualStudioVersion = 17.13.35825.156 d17.13
MinimumVisualStudioVersion = 10.0.40219.1
Project("{FAE04EC0-301F-11D3-BF4B-00C04F79EFBC}") = "Restaurant-Management-System", "Restaurant-Management-System.csproj", "{69853460-E288-4507-AC4E-2137E152D94A}"
EndProject
Global
	GlobalSection(SolutionConfigurationPlatforms) = preSolution
		Debug|Any CPU = Debug|Any CPU
		Release|Any CPU = Release|Any CPU
	EndGlobalSection
	GlobalSection(ProjectConfigurationPlatforms) = postSolution
		{69853460-E288-4507-AC4E-2137E152D94A}.Debug|Any CPU.ActiveCfg = Debug|Any CPU
		{69853460-E288-4507-AC4E-2137E152D94A}.Debug|Any CPU.Build.0 = Debug|Any CPU
		{69853460-E288-4507-AC4E-2137E152D94A}.Release|Any CPU.ActiveCfg = Release|Any CPU
		{69853460-E288-4507-AC4E-2137E152D94A}.Release|Any CPU.Build.0 = Release|Any CPU
	EndGlobalSection
	GlobalSection(SolutionProperties) = preSolution
		HideSolutionNode = FALSE
	EndGlobalSection
	GlobalSection(ExtensibilityGlobals) = postSolution
		SolutionGuid = {BE601614-1C2D-41DF-B5A6-D7FB3407464F}
	EndGlobalSection
EndGlobal
